{
  "nodes": {
    "base-nixpkgs": {
      "inputs": {
        "flake-parts": [
          "flake-parts"
        ],
        "stable": "stable",
        "unstable": "unstable"
      },
      "locked": {
        "dir": "base-nixpkgs",
        "lastModified": 1780159410,
        "narHash": "sha256-loRVORaewhdBD/Akb+aVtYhTz6HxWRAoTPYzc6Wm7dI=",
        "owner": "ck3mp3r",
        "repo": "flakes",
        "rev": "18205fdc25b9a36898d28c982f980404e048eefc",
        "type": "github"
      },
      "original": {
        "dir": "base-nixpkgs",
        "owner": "ck3mp3r",
        "repo": "flakes",
        "type": "github"
      }
    },
    "fenix": {
      "inputs": {
        "nixpkgs": [
          "rustnix",
          "nixpkgs"
        ],
        "rust-analyzer-src": "rust-analyzer-src"
      },
      "locked": {
        "lastModified": 1780130272,
        "narHash": "sha256-iCNBDsTLvD5pK9xCbd/Kl4NabrLRws6WVkiElGM9U1Q=",
        "owner": "nix-community",
        "repo": "fenix",
        "rev": "2118601eb824d47529307266d74e68dfd661c236",
        "type": "github"
      },
      "original": {
        "owner": "nix-community",
        "repo": "fenix",
        "type": "github"
      }
    },
    "flake-parts": {
      "inputs": {
        "nixpkgs-lib": [
          "nixpkgs"
        ]
      },
      "locked": {
        "lastModified": 1778716662,
        "narHash": "sha256-m1Yf0wZ8j1OHjTc2UwHwyQRSnNeSgLJOd7q5Y45hzi4=",
        "owner": "hercules-ci",
        "repo": "flake-parts",
        "rev": "f7c1a2d347e4c52d5fb8d10cb4d94b5884e546fb",
        "type": "github"
      },
      "original": {
        "owner": "hercules-ci",
        "repo": "flake-parts",
        "type": "github"
      }
    },
    "root": {
      "inputs": {
        "base-nixpkgs": "base-nixpkgs",
        "flake-parts": "flake-parts",
        "nixpkgs": [
          "base-nixpkgs",
          "unstable"
        ],
        "rustnix": "rustnix"
      }
    },
    "rust-analyzer-src": {
      "flake": false,
      "locked": {
        "lastModified": 1780060635,
        "narHash": "sha256-k+iiE7EUc732hT7u1YP3omk9rCElKBbc5evooZSskwU=",
        "owner": "rust-lang",
        "repo": "rust-analyzer",
        "rev": "5ebf65ce47fc047e8a2772297f2ddd988ab86c32",
        "type": "github"
      },
      "original": {
        "owner": "rust-lang",
        "ref": "nightly",
        "repo": "rust-analyzer",
        "type": "github"
      }
    },
    "rustnix": {
      "inputs": {
        "base-nixpkgs": [
          "base-nixpkgs"
        ],
        "fenix": "fenix",
        "flake-parts": [
          "flake-parts"
        ],
        "nixpkgs": [
          "nixpkgs"
        ]
      },
      "locked": {
        "dir": "rustnix",
        "lastModified": 1780159410,
        "narHash": "sha256-loRVORaewhdBD/Akb+aVtYhTz6HxWRAoTPYzc6Wm7dI=",
        "owner": "ck3mp3r",
        "repo": "flakes",
        "rev": "18205fdc25b9a36898d28c982f980404e048eefc",
        "type": "github"
      },
      "original": {
        "dir": "rustnix",
        "owner": "ck3mp3r",
        "repo": "flakes",
        "type": "github"
      }
    },
    "stable": {
      "locked": {
        "lastModified": 1780157875,
        "narHash": "sha256-h22F7jNHYoLoae5uObWnTemVJDiMhpPV8AeWMZc2yx8=",
        "owner": "nixos",
        "repo": "nixpkgs",
        "rev": "30b7e6c47a9ddc49e777e8d2b1266ca48c7c5979",
        "type": "github"
      },
      "original": {
        "owner": "nixos",
        "ref": "release-26.05",
        "repo": "nixpkgs",
        "type": "github"
      }
    },
    "unstable": {
      "locked": {
        "lastModified": 1780030872,
        "narHash": "sha256-u6WU/yd/o8iYQrHX3RAwO1hYa3LkoSL+WNQD0rJfJZQ=",
        "owner": "nixos",
        "repo": "nixpkgs",
        "rev": "e9a7635a57597d9754eccebdfc7045e6c8600e6b",
        "type": "github"
      },
      "original": {
        "owner": "nixos",
        "ref": "nixpkgs-unstable",
        "repo": "nixpkgs",
        "type": "github"
      }
    }
  },
  "root": "root",
  "version": 7
}
